// !$*UTF8*$!
{
	archiveVersion = 1;
	classes = {
	};
	objectVersion = 50;
	objects = {

/* Begin PBXBuildFile section */
		11620FEA2427D129008D55F0 /* AppDelegate.swift in Sources */ = {isa = PBXBuildFile; fileRef = 11620FE92427D129008D55F0 /* AppDelegate.swift */; };
		11620FEC2427D129008D55F0 /* SceneDelegate.swift in Sources */ = {isa = PBXBuildFile; fileRef = 11620FEB2427D129008D55F0 /* SceneDelegate.swift */; };
		11620FEE2427D129008D55F0 /* ViewController.swift in Sources */ = {isa = PBXBuildFile; fileRef = 11620FED2427D129008D55F0 /* ViewController.swift */; };
		11620FF12427D129008D55F0 /* Main.storyboard in Resources */ = {isa = PBXBuildFile; fileRef = 11620FEF2427D129008D55F0 /* Main.storyboard */; };
		11620FF32427D12B008D55F0 /* Assets.xcassets in Resources */ = {isa = PBXBuildFile; fileRef = 11620FF22427D12B008D55F0 /* Assets.xcassets */; };
		11620FF62427D12B008D55F0 /* LaunchScreen.storyboard in Resources */ = {isa = PBXBuildFile; fileRef = 11620FF42427D12B008D55F0 /* LaunchScreen.storyboard */; };
/* End PBXBuildFile section */

/* Begin PBXFileReference section */
		11620FE62427D129008D55F0 /* JustChat.app */ = {isa = PBXFileReference; explicitFileType = wrapper.application; includeInIndex = 0; path = JustChat.app; sourceTree = BUILT_PRODUCTS_DIR; };
		11620FE92427D129008D55F0 /* AppDelegate.swift */ = {isa = PBXFileReference; lastKnownFileType = sourcecode.swift; path = AppDelegate.swift; sourceTree = "<group>"; };
		11620FEB2427D129008D55F0 /* SceneDelegate.swift */ = {isa = PBXFileReference; lastKnownFileType = sourcecode.swift; path = SceneDelegate.swift; sourceTree = "<group>"; };
		11620FED2427D129008D55F0 /* ViewController.swift */ = {isa = PBXFileReference; lastKnownFileType = sourcecode.swift; path = ViewController.swift; sourceTree = "<group>"; };
		11620FF02427D129008D55F0 /* Base */ = {isa = PBXFileReference; lastKnownFileType = file.storyboard; name = Base; path = Base.lproj/Main.storyboard; sourceTree = "<group>"; };
		11620FF22427D12B008D55F0 /* Assets.xcassets */ = {isa = PBXFileReference; lastKnownFileType = folder.assetcatalog; path = Assets.xcassets; sourceTree = "<group>"; };
		11620FF52427D12B008D55F0 /* Base */ = {isa = PBXFileReference; lastKnownFileType = file.storyboard; name = Base; path = Base.lproj/LaunchScreen.storyboard; sourceTree = "<group>"; };
		11620FF72427D12B008D55F0 /* Info.plist */ = {isa = PBXFileReference; lastKnownFileType = text.plist.xml; path = Info.plist; sourceTree = "<group>"; };
/* End PBXFileReference section */

/* Begin PBXFrameworksBuildPhase section */
		11620FE32427D129008D55F0 /* Frameworks */ = {
			isa = PBXFrameworksBuildPhase;
			buildActionMask = 2147483647;
			files = (
			);
			runOnlyForDeploymentPostprocessing = 0;
		};
/* End PBXFrameworksBuildPhase section */

/* Begin PBXGroup section */
		11620FDD2427D129008D55F0 = {
			isa = PBXGroup;
			children = (
				11620FE82427D129008D55F0 /* JustChat */,
				11620FE72427D129008D55F0 /* Products */,
			);
			sourceTree = "<group>";
		};
		11620FE72427D129008D55F0 /* Products */ = {
			isa = PBXGroup;
			children = (
				11620FE62427D129008D55F0 /* JustChat.app */,
			);
			name = Products;
			sourceTree = "<group>";
		};
		11620FE82427D129008D55F0 /* JustChat */ = {
			isa = PBXGroup;
			children = (
				11620FE92427D129008D55F0 /* AppDelegate.swift */,
				11620FEB2427D129008D55F0 /* SceneDelegate.swift */,
				11620FED2427D129008D55F0 /* ViewController.swift */,
				11620FEF2427D129008D55F0 /* Main.storyboard */,
				11620FF22427D12B008D55F0 /* Assets.xcassets */,
				11620FF42427D12B008D55F0 /* LaunchScreen.storyboard */,
				11620FF72427D12B008D55F0 /* Info.plist */,
			);
			path = JustChat;
			sourceTree = "<group>";
		};
/* End PBXGroup section */

/* Begin PBXNativeTarget section */
		11620FE52427D129008D55F0 /* JustChat */ = {
			isa = PBXNativeTarget;
			buildConfigurationList = 11620FFA2427D12B008D55F0 /* Build configuration list for PBXNativeTarget "JustChat" */;
			buildPhases = (
				11620FE22427D129008D55F0 /* Sources */,
				11620FE32427D129008D55F0 /* Frameworks */,
				11620FE42427D129008D55F0 /* Resources */,
				11620FFD2427D3F9008D55F0 /* Run Script Build Number Increment */,
			);
			buildRules = (
			);
			dependencies = (
			);
			name = JustChat;
			productName = JustChat;
			productReference = 11620FE62427D129008D55F0 /* JustChat.app */;
			productType = "com.apple.product-type.application";
		};
/* End PBXNativeTarget section */

/* Begin PBXProject section */
		11620FDE2427D129008D55F0 /* Project object */ = {
			isa = PBXProject;
			attributes = {
				LastSwiftUpdateCheck = 1130;
				LastUpgradeCheck = 1130;
				ORGANIZATIONNAME = "Alexander Saprykin";
				TargetAttributes = {
					11620FE52427D129008D55F0 = {
						CreatedOnToolsVersion = 11.3.1;
					};
				};
			};
			buildConfigurationList = 11620FE12427D129008D55F0 /* Build configuration list for PBXProject "JustChat" */;
			compatibilityVersion = "Xcode 9.3";
			developmentRegion = en;
			hasScannedForEncodings = 0;
			knownRegions = (
				en,
				Base,
			);
			mainGroup = 11620FDD2427D129008D55F0;
			productRefGroup = 11620FE72427D129008D55F0 /* Products */;
			projectDirPath = "";
			projectRoot = "";
			targets = (
				11620FE52427D129008D55F0 /* JustChat */,
			);
		};
/* End PBXProject section */

/* Begin PBXResourcesBuildPhase section */
		11620FE42427D129008D55F0 /* Resources */ = {
			isa = PBXResourcesBuildPhase;
			buildActionMask = 2147483647;
			files = (
				11620FF62427D12B008D55F0 /* LaunchScreen.storyboard in Resources */,
				11620FF32427D12B008D55F0 /* Assets.xcassets in Resources */,
				11620FF12427D129008D55F0 /* Main.storyboard in Resources */,
			);
			runOnlyForDeploymentPostprocessing = 0;
		};
/* End PBXResourcesBuildPhase section */

/* Begin PBXShellScriptBuildPhase section */
		11620FFD2427D3F9008D55F0 /* Run Script Build Number Increment */ = {
			isa = PBXShellScriptBuildPhase;
			buildActionMask = 2147483647;
			files = (
			);
			inputFileListPaths = (
			);
			inputPaths = (
			);
			name = "Run Script Build Number Increment";
			outputFileListPaths = (
			);
			outputPaths = (
			);
			runOnlyForDeploymentPostprocessing = 0;
			shellPath = /bin/sh;
			shellScript = "#!/bin/bash\nbuildNumber=$(/usr/libexec/PlistBuddy -c \"Print CFBundleVersion\" \"$INFOPLIST_FILE\")\nbuildNumber=$(($buildNumber + 1))\n/usr/libexec/PlistBuddy -c \"Set :CFBundleVersion $buildNumber\" \"$INFOPLIST_FILE\"\n";
		};
/* End PBXShellScriptBuildPhase section */

/* Begin PBXSourcesBuildPhase section */
		11620FE22427D129008D55F0 /* Sources */ = {
			isa = PBXSourcesBuildPhase;
			buildActionMask = 2147483647;
			files = (
				11620FEE2427D129008D55F0 /* ViewController.swift in Sources */,
				11620FEA2427D129008D55F0 /* AppDelegate.swift in Sources */,
				11620FEC2427D129008D55F0 /* SceneDelegate.swift in Sources */,
			);
			runOnlyForDeploymentPostprocessing = 0;
		};
/* End PBXSourcesBuildPhase section */

/* Begin PBXVariantGroup section */
		11620FEF2427D129008D55F0 /* Main.storyboard */ = {
			isa = PBXVariantGroup;
			children = (
				11620FF02427D129008D55F0 /* Base */,
			);
			name = Main.storyboard;
			sourceTree = "<group>";
		};
		11620FF42427D12B008D55F0 /* LaunchScreen.storyboard */ = {
			isa = PBXVariantGroup;
			children = (
				11620FF52427D12B008D55F0 /* Base */,
			);
			name = LaunchScreen.storyboard;
			sourceTree = "<group>";
		};
/* End PBXVariantGroup section */

/* Begin XCBuildConfiguration section */
		11620FF82427D12B008D55F0 /* Debug */ = {
			isa = XCBuildConfiguration;
			buildSettings = {
				ALWAYS_SEARCH_USER_PATHS = NO;
				CLANG_ANALYZER_NONNULL = YES;
				CLANG_ANALYZER_NUMBER_OBJECT_CONVERSION = YES_AGGRESSIVE;
				CLANG_CXX_LANGUAGE_STANDARD = "gnu++14";
				CLANG_CXX_LIBRARY = "libc++";
				CLANG_ENABLE_MODULES = YES;
				CLANG_ENABLE_OBJC_ARC = YES;
				CLANG_ENABLE_OBJC_WEAK = YES;
				CLANG_WARN_BLOCK_CAPTURE_AUTORELEASING = YES;
				CLANG_WARN_BOOL_CONVERSION = YES;
				CLANG_WARN_COMMA = YES;
				CLANG_WARN_CONSTANT_CONVERSION = YES;
				CLANG_WARN_DEPRECATED_OBJC_IMPLEMENTATIONS = YES;
				CLANG_WARN_DIRECT_OBJC_ISA_USAGE = YES_ERROR;
				CLANG_WARN_DOCUMENTATION_COMMENTS = YES;
				CLANG_WARN_EMPTY_BODY = YES;
				CLANG_WARN_ENUM_CONVERSION = YES;
				CLANG_WARN_INFINITE_RECURSION = YES;
				CLANG_WARN_INT_CONVERSION = YES;
				CLANG_WARN_NON_LITERAL_NULL_CONVERSION = YES;
				CLANG_WARN_OBJC_IMPLICIT_RETAIN_SELF = YES;
				CLANG_WARN_OBJC_LITERAL_CONVERSION = YES;
				CLANG_WARN_OBJC_ROOT_CLASS = YES_ERROR;
				CLANG_WARN_RANGE_LOOP_ANALYSIS = YES;
				CLANG_WARN_STRICT_PROTOTYPES = YES;
				CLANG_WARN_SUSPICIOUS_MOVE = YES;
				CLANG_WARN_UNGUARDED_AVAILABILITY = YES_AGGRESSIVE;
				CLANG_WARN_UNREACHABLE_CODE = YES;
				CLANG_WARN__DUPLICATE_METHOD_MATCH = YES;
				COPY_PHASE_STRIP = NO;
				DEBUG_INFORMATION_FORMAT = dwarf;
				ENABLE_STRICT_OBJC_MSGSEND = YES;
				ENABLE_TESTABILITY = YES;
				GCC_C_LANGUAGE_STANDARD = gnu11;
				GCC_DYNAMIC_NO_PIC = NO;
				GCC_NO_COMMON_BLOCKS = YES;
				GCC_OPTIMIZATION_LEVEL = 0;
				GCC_PREPROCESSOR_DEFINITIONS = (
					"DEBUG=1",
					"$(inherited)",
				);
				GCC_WARN_64_TO_32_BIT_CONVERSION = YES;
				GCC_WARN_ABOUT_RETURN_TYPE = YES_ERROR;
				GCC_WARN_UNDECLARED_SELECTOR = YES;
				GCC_WARN_UNINITIALIZED_AUTOS = YES_AGGRESSIVE;
				GCC_WARN_UNUSED_FUNCTION = YES;
				GCC_WARN_UNUSED_VARIABLE = YES;
				IPHONEOS_DEPLOYMENT_TARGET = 13.2;
				MTL_ENABLE_DEBUG_INFO = INCLUDE_SOURCE;
				MTL_FAST_MATH = YES;
				ONLY_ACTIVE_ARCH = YES;
				SDKROOT = iphoneos;
				SWIFT_ACTIVE_COMPILATION_CONDITIONS = DEBUG;
				SWIFT_OPTIMIZATION_LEVEL = "-Onone";
			};
			name = Debug;
		};
		11620FF92427D12B008D55F0 /* Release */ = {
			isa = XCBuildConfiguration;
			buildSettings = {
				ALWAYS_SEARCH_USER_PATHS = NO;
				CLANG_ANALYZER_NONNULL = YES;
				CLANG_ANALYZER_NUMBER_OBJECT_CONVERSION = YES_AGGRESSIVE;
				CLANG_CXX_LANGUAGE_STANDARD = "gnu++14";
				CLANG_CXX_LIBRARY = "libc++";
				CLANG_ENABLE_MODULES = YES;
				CLANG_ENABLE_OBJC_ARC = YES;
				CLANG_ENABLE_OBJC_WEAK = YES;
				CLANG_WARN_BLOCK_CAPTURE_AUTORELEASING = YES;
				CLANG_WARN_BOOL_CONVERSION = YES;
				CLANG_WARN_COMMA = YES;
				CLANG_WARN_CONSTANT_CONVERSION = YES;
				CLANG_WARN_DEPRECATED_OBJC_IMPLEMENTATIONS = YES;
				CLANG_WARN_DIRECT_OBJC_ISA_USAGE = YES_ERROR;
				CLANG_WARN_DOCUMENTATION_COMMENTS = YES;
				CLANG_WARN_EMPTY_BODY = YES;
				CLANG_WARN_ENUM_CONVERSION = YES;
				CLANG_WARN_INFINITE_RECURSION = YES;
				CLANG_WARN_INT_CONVERSION = YES;
				CLANG_WARN_NON_LITERAL_NULL_CONVERSION = YES;
				CLANG_WARN_OBJC_IMPLICIT_RETAIN_SELF = YES;
				CLANG_WARN_OBJC_LITERAL_CONVERSION = YES;
				CLANG_WARN_OBJC_ROOT_CLASS = YES_ERROR;
				CLANG_WARN_RANGE_LOOP_ANALYSIS = YES;
				CLANG_WARN_STRICT_PROTOTYPES = YES;
				CLANG_WARN_SUSPICIOUS_MOVE = YES;
				CLANG_WARN_UNGUARDED_AVAILABILITY = YES_AGGRESSIVE;
				CLANG_WARN_UNREACHABLE_CODE = YES;
				CLANG_WARN__DUPLICATE_METHOD_MATCH = YES;
				COPY_PHASE_STRIP = NO;
				DEBUG_INFORMATION_FORMAT = "dwarf-with-dsym";
				ENABLE_NS_ASSERTIONS = NO;
				ENABLE_STRICT_OBJC_MSGSEND = YES;
				GCC_C_LANGUAGE_STANDARD = gnu11;
				GCC_NO_COMMON_BLOCKS = YES;
				GCC_WARN_64_TO_32_BIT_CONVERSION = YES;
				GCC_WARN_ABOUT_RETURN_TYPE = YES_ERROR;
				GCC_WARN_UNDECLARED_SELECTOR = YES;
				GCC_WARN_UNINITIALIZED_AUTOS = YES_AGGRESSIVE;
				GCC_WARN_UNUSED_FUNCTION = YES;
				GCC_WARN_UNUSED_VARIABLE = YES;
				IPHONEOS_DEPLOYMENT_TARGET = 13.2;
				MTL_ENABLE_DEBUG_INFO = NO;
				MTL_FAST_MATH = YES;
				SDKROOT = iphoneos;
				SWIFT_COMPILATION_MODE = wholemodule;
				SWIFT_OPTIMIZATION_LEVEL = "-O";
				VALIDATE_PRODUCT = YES;
			};
			name = Release;
		};
		11620FFB2427D12B008D55F0 /* Debug */ = {
			isa = XCBuildConfiguration;
			buildSettings = {
				ASSETCATALOG_COMPILER_APPICON_NAME = AppIcon;
				CODE_SIGN_STYLE = Automatic;
				DEVELOPMENT_TEAM = 9D48U5K9T2;
				INFOPLIST_FILE = JustChat/Info.plist;
				LD_RUNPATH_SEARCH_PATHS = (
					"$(inherited)",
					"@executable_path/Frameworks",
				);
				PRODUCT_BUNDLE_IDENTIFIER = ru.sav.JustChat;
				PRODUCT_NAME = "$(TARGET_NAME)";
				SWIFT_VERSION = 5.0;
				TARGETED_DEVICE_FAMILY = "1,2";
			};
			name = Debug;
		};
		11620FFC2427D12B008D55F0 /* Release */ = {
			isa = XCBuildConfiguration;
			buildSettings = {
				ASSETCATALOG_COMPILER_APPICON_NAME = AppIcon;
				CODE_SIGN_STYLE = Automatic;
				DEVELOPMENT_TEAM = 9D48U5K9T2;
				INFOPLIST_FILE = JustChat/Info.plist;
				LD_RUNPATH_SEARCH_PATHS = (
					"$(inherited)",
					"@executable_path/Frameworks",
				);
				PRODUCT_BUNDLE_IDENTIFIER = ru.sav.JustChat;
				PRODUCT_NAME = "$(TARGET_NAME)";
				SWIFT_VERSION = 5.0;
				TARGETED_DEVICE_FAMILY = "1,2";
			};
			name = Release;
		};
/* End XCBuildConfiguration section */

/* Begin XCConfigurationList section */
		11620FE12427D129008D55F0 /* Build configuration list for PBXProject "JustChat" */ = {
			isa = XCConfigurationList;
			buildConfigurations = (
				11620FF82427D12B008D55F0 /* Debug */,
				11620FF92427D12B008D55F0 /* Release */,
			);
			defaultConfigurationIsVisible = 0;
			defaultConfigurationName = Release;
		};
		11620FFA2427D12B008D55F0 /* Build configuration list for PBXNativeTarget "JustChat" */ = {
			isa = XCConfigurationList;
			buildConfigurations = (
				11620FFB2427D12B008D55F0 /* Debug */,
				11620FFC2427D12B008D55F0 /* Release */,
			);
			defaultConfigurationIsVisible = 0;
			defaultConfigurationName = Release;
		};
/* End XCConfigurationList section */
	};
	rootObject = 11620FDE2427D129008D55F0 /* Project object */;
}
