// !$*UTF8*$!
{
	archiveVersion = 1;
	classes = {
	};
	objectVersion = 51;
	objects = {

/* Begin PBXBuildFile section */
		1109993F242B8F850078D438 /* LoadingButton.swift in Sources */ = {isa = PBXBuildFile; fileRef = 1109993E242B8F850078D438 /* LoadingButton.swift */; };
		111723F4242D781900F5C413 /* ChatTableViewCell.swift in Sources */ = {isa = PBXBuildFile; fileRef = 111723F2242D781900F5C413 /* ChatTableViewCell.swift */; };
		111723F5242D781900F5C413 /* ChatTableViewCell.xib in Resources */ = {isa = PBXBuildFile; fileRef = 111723F3242D781900F5C413 /* ChatTableViewCell.xib */; };
		111723F7242D7A7E00F5C413 /* ChatsTableViewController.swift in Sources */ = {isa = PBXBuildFile; fileRef = 111723F6242D7A7E00F5C413 /* ChatsTableViewController.swift */; };
		111723F9242DAEE300F5C413 /* ChatListViewModel.swift in Sources */ = {isa = PBXBuildFile; fileRef = 111723F8242DAEE300F5C413 /* ChatListViewModel.swift */; };
		111723FB242DAF0C00F5C413 /* Chat.swift in Sources */ = {isa = PBXBuildFile; fileRef = 111723FA242DAF0C00F5C413 /* Chat.swift */; };
		11620FEA2427D129008D55F0 /* AppDelegate.swift in Sources */ = {isa = PBXBuildFile; fileRef = 11620FE92427D129008D55F0 /* AppDelegate.swift */; };
		11620FEC2427D129008D55F0 /* SceneDelegate.swift in Sources */ = {isa = PBXBuildFile; fileRef = 11620FEB2427D129008D55F0 /* SceneDelegate.swift */; };
		11620FF12427D129008D55F0 /* Main.storyboard in Resources */ = {isa = PBXBuildFile; fileRef = 11620FEF2427D129008D55F0 /* Main.storyboard */; };
		11620FF32427D12B008D55F0 /* Assets.xcassets in Resources */ = {isa = PBXBuildFile; fileRef = 11620FF22427D12B008D55F0 /* Assets.xcassets */; };
		11620FF62427D12B008D55F0 /* LaunchScreen.storyboard in Resources */ = {isa = PBXBuildFile; fileRef = 11620FF42427D12B008D55F0 /* LaunchScreen.storyboard */; };
		116210072427D739008D55F0 /* GoogleService-Info.plist in Resources */ = {isa = PBXBuildFile; fileRef = 116210062427D739008D55F0 /* GoogleService-Info.plist */; };
		116210092427E357008D55F0 /* Auth.storyboard in Resources */ = {isa = PBXBuildFile; fileRef = 116210082427E357008D55F0 /* Auth.storyboard */; };
		1162100B2427ED88008D55F0 /* SignInViewController.swift in Sources */ = {isa = PBXBuildFile; fileRef = 1162100A2427ED88008D55F0 /* SignInViewController.swift */; };
		1162100F242806AF008D55F0 /* SignUpViewController.swift in Sources */ = {isa = PBXBuildFile; fileRef = 1162100E242806AF008D55F0 /* SignUpViewController.swift */; };
		116210112428133C008D55F0 /* String+Extensions.swift in Sources */ = {isa = PBXBuildFile; fileRef = 116210102428133C008D55F0 /* String+Extensions.swift */; };
		11621013242814FC008D55F0 /* UIButton+Extensions.swift in Sources */ = {isa = PBXBuildFile; fileRef = 11621012242814FC008D55F0 /* UIButton+Extensions.swift */; };
		11621015242817D0008D55F0 /* UIViewController+Extensions.swift in Sources */ = {isa = PBXBuildFile; fileRef = 11621014242817D0008D55F0 /* UIViewController+Extensions.swift */; };
		1176375E24290F2C006A66A1 /* ContactsTableViewController.swift in Sources */ = {isa = PBXBuildFile; fileRef = 1176375D24290F2C006A66A1 /* ContactsTableViewController.swift */; };
		1176376224292620006A66A1 /* User.swift in Sources */ = {isa = PBXBuildFile; fileRef = 1176376124292620006A66A1 /* User.swift */; };
		1176376424292C7F006A66A1 /* ContactListViewModel.swift in Sources */ = {isa = PBXBuildFile; fileRef = 1176376324292C7F006A66A1 /* ContactListViewModel.swift */; };
		1176376D242972F0006A66A1 /* ContactTableViewCell.swift in Sources */ = {isa = PBXBuildFile; fileRef = 1176376B242972F0006A66A1 /* ContactTableViewCell.swift */; };
		1176376E242972F0006A66A1 /* ContactTableViewCell.xib in Resources */ = {isa = PBXBuildFile; fileRef = 1176376C242972F0006A66A1 /* ContactTableViewCell.xib */; };
		11763772242A7740006A66A1 /* ChatViewController.swift in Sources */ = {isa = PBXBuildFile; fileRef = 11763771242A7740006A66A1 /* ChatViewController.swift */; };
		118283CA244D25DA00E3492E /* SettingsTableViewController.swift in Sources */ = {isa = PBXBuildFile; fileRef = 118283C9244D25DA00E3492E /* SettingsTableViewController.swift */; };
		118283CC244E226500E3492E /* SettingsViewModel.swift in Sources */ = {isa = PBXBuildFile; fileRef = 118283CB244E226500E3492E /* SettingsViewModel.swift */; };
		118E69B124324A3A0072E003 /* PushNotificationManager.swift in Sources */ = {isa = PBXBuildFile; fileRef = 118E69B024324A3A0072E003 /* PushNotificationManager.swift */; };
		118E69B324324E920072E003 /* PushNotificationSender.swift in Sources */ = {isa = PBXBuildFile; fileRef = 118E69B224324E920072E003 /* PushNotificationSender.swift */; };
		11DA5B84242D1BBD00A8581E /* Message.swift in Sources */ = {isa = PBXBuildFile; fileRef = 11DA5B83242D1BBD00A8581E /* Message.swift */; };
		11DA5B86242D33A800A8581E /* MessageListViewModel.swift in Sources */ = {isa = PBXBuildFile; fileRef = 11DA5B85242D33A800A8581E /* MessageListViewModel.swift */; };
		11DA5B88242D655500A8581E /* Sender.swift in Sources */ = {isa = PBXBuildFile; fileRef = 11DA5B87242D655500A8581E /* Sender.swift */; };
		11F3DA0B24281F2800A062A5 /* SignUpViewModel.swift in Sources */ = {isa = PBXBuildFile; fileRef = 11F3DA0A24281F2800A062A5 /* SignUpViewModel.swift */; };
		11F3DA0D242820E500A062A5 /* SignInViewModel.swift in Sources */ = {isa = PBXBuildFile; fileRef = 11F3DA0C242820E500A062A5 /* SignInViewModel.swift */; };
		5DF7B893F67CF7357FC0199C /* Pods_JustChat.framework in Frameworks */ = {isa = PBXBuildFile; fileRef = 865C5D5EDFE33C543E87B6E8 /* Pods_JustChat.framework */; };
/* End PBXBuildFile section */

/* Begin PBXFileReference section */
		1109993E242B8F850078D438 /* LoadingButton.swift */ = {isa = PBXFileReference; lastKnownFileType = sourcecode.swift; path = LoadingButton.swift; sourceTree = "<group>"; };
		111723F2242D781900F5C413 /* ChatTableViewCell.swift */ = {isa = PBXFileReference; lastKnownFileType = sourcecode.swift; path = ChatTableViewCell.swift; sourceTree = "<group>"; };
		111723F3242D781900F5C413 /* ChatTableViewCell.xib */ = {isa = PBXFileReference; lastKnownFileType = file.xib; path = ChatTableViewCell.xib; sourceTree = "<group>"; };
		111723F6242D7A7E00F5C413 /* ChatsTableViewController.swift */ = {isa = PBXFileReference; lastKnownFileType = sourcecode.swift; path = ChatsTableViewController.swift; sourceTree = "<group>"; };
		111723F8242DAEE300F5C413 /* ChatListViewModel.swift */ = {isa = PBXFileReference; lastKnownFileType = sourcecode.swift; path = ChatListViewModel.swift; sourceTree = "<group>"; };
		111723FA242DAF0C00F5C413 /* Chat.swift */ = {isa = PBXFileReference; lastKnownFileType = sourcecode.swift; path = Chat.swift; sourceTree = "<group>"; };
		11620FE62427D129008D55F0 /* JustChat.app */ = {isa = PBXFileReference; explicitFileType = wrapper.application; includeInIndex = 0; path = JustChat.app; sourceTree = BUILT_PRODUCTS_DIR; };
		11620FE92427D129008D55F0 /* AppDelegate.swift */ = {isa = PBXFileReference; lastKnownFileType = sourcecode.swift; path = AppDelegate.swift; sourceTree = "<group>"; };
		11620FEB2427D129008D55F0 /* SceneDelegate.swift */ = {isa = PBXFileReference; lastKnownFileType = sourcecode.swift; path = SceneDelegate.swift; sourceTree = "<group>"; };
		11620FF02427D129008D55F0 /* Base */ = {isa = PBXFileReference; lastKnownFileType = file.storyboard; name = Base; path = Base.lproj/Main.storyboard; sourceTree = "<group>"; };
		11620FF22427D12B008D55F0 /* Assets.xcassets */ = {isa = PBXFileReference; lastKnownFileType = folder.assetcatalog; path = Assets.xcassets; sourceTree = "<group>"; };
		11620FF52427D12B008D55F0 /* Base */ = {isa = PBXFileReference; lastKnownFileType = file.storyboard; name = Base; path = Base.lproj/LaunchScreen.storyboard; sourceTree = "<group>"; };
		11620FF72427D12B008D55F0 /* Info.plist */ = {isa = PBXFileReference; lastKnownFileType = text.plist.xml; path = Info.plist; sourceTree = "<group>"; };
		116210062427D739008D55F0 /* GoogleService-Info.plist */ = {isa = PBXFileReference; fileEncoding = 4; lastKnownFileType = text.plist.xml; path = "GoogleService-Info.plist"; sourceTree = "<group>"; };
		116210082427E357008D55F0 /* Auth.storyboard */ = {isa = PBXFileReference; lastKnownFileType = file.storyboard; path = Auth.storyboard; sourceTree = "<group>"; };
		1162100A2427ED88008D55F0 /* SignInViewController.swift */ = {isa = PBXFileReference; lastKnownFileType = sourcecode.swift; path = SignInViewController.swift; sourceTree = "<group>"; };
		1162100E242806AF008D55F0 /* SignUpViewController.swift */ = {isa = PBXFileReference; lastKnownFileType = sourcecode.swift; path = SignUpViewController.swift; sourceTree = "<group>"; };
		116210102428133C008D55F0 /* String+Extensions.swift */ = {isa = PBXFileReference; lastKnownFileType = sourcecode.swift; path = "String+Extensions.swift"; sourceTree = "<group>"; };
		11621012242814FC008D55F0 /* UIButton+Extensions.swift */ = {isa = PBXFileReference; lastKnownFileType = sourcecode.swift; path = "UIButton+Extensions.swift"; sourceTree = "<group>"; };
		11621014242817D0008D55F0 /* UIViewController+Extensions.swift */ = {isa = PBXFileReference; lastKnownFileType = sourcecode.swift; path = "UIViewController+Extensions.swift"; sourceTree = "<group>"; };
		1176375D24290F2C006A66A1 /* ContactsTableViewController.swift */ = {isa = PBXFileReference; lastKnownFileType = sourcecode.swift; path = ContactsTableViewController.swift; sourceTree = "<group>"; };
		1176376124292620006A66A1 /* User.swift */ = {isa = PBXFileReference; lastKnownFileType = sourcecode.swift; path = User.swift; sourceTree = "<group>"; };
		1176376324292C7F006A66A1 /* ContactListViewModel.swift */ = {isa = PBXFileReference; lastKnownFileType = sourcecode.swift; path = ContactListViewModel.swift; sourceTree = "<group>"; };
		1176376B242972F0006A66A1 /* ContactTableViewCell.swift */ = {isa = PBXFileReference; lastKnownFileType = sourcecode.swift; path = ContactTableViewCell.swift; sourceTree = "<group>"; };
		1176376C242972F0006A66A1 /* ContactTableViewCell.xib */ = {isa = PBXFileReference; lastKnownFileType = file.xib; path = ContactTableViewCell.xib; sourceTree = "<group>"; };
		11763771242A7740006A66A1 /* ChatViewController.swift */ = {isa = PBXFileReference; lastKnownFileType = sourcecode.swift; path = ChatViewController.swift; sourceTree = "<group>"; };
		118283C9244D25DA00E3492E /* SettingsTableViewController.swift */ = {isa = PBXFileReference; lastKnownFileType = sourcecode.swift; path = SettingsTableViewController.swift; sourceTree = "<group>"; };
		118283CB244E226500E3492E /* SettingsViewModel.swift */ = {isa = PBXFileReference; lastKnownFileType = sourcecode.swift; path = SettingsViewModel.swift; sourceTree = "<group>"; };
		118E69AE243245D60072E003 /* JustChat.entitlements */ = {isa = PBXFileReference; lastKnownFileType = text.plist.entitlements; path = JustChat.entitlements; sourceTree = "<group>"; };
		118E69B024324A3A0072E003 /* PushNotificationManager.swift */ = {isa = PBXFileReference; lastKnownFileType = sourcecode.swift; path = PushNotificationManager.swift; sourceTree = "<group>"; };
		118E69B224324E920072E003 /* PushNotificationSender.swift */ = {isa = PBXFileReference; lastKnownFileType = sourcecode.swift; path = PushNotificationSender.swift; sourceTree = "<group>"; };
		11DA5B83242D1BBD00A8581E /* Message.swift */ = {isa = PBXFileReference; lastKnownFileType = sourcecode.swift; path = Message.swift; sourceTree = "<group>"; };
		11DA5B85242D33A800A8581E /* MessageListViewModel.swift */ = {isa = PBXFileReference; lastKnownFileType = sourcecode.swift; path = MessageListViewModel.swift; sourceTree = "<group>"; };
		11DA5B87242D655500A8581E /* Sender.swift */ = {isa = PBXFileReference; lastKnownFileType = sourcecode.swift; path = Sender.swift; sourceTree = "<group>"; };
		11F3DA0A24281F2800A062A5 /* SignUpViewModel.swift */ = {isa = PBXFileReference; lastKnownFileType = sourcecode.swift; path = SignUpViewModel.swift; sourceTree = "<group>"; };
		11F3DA0C242820E500A062A5 /* SignInViewModel.swift */ = {isa = PBXFileReference; lastKnownFileType = sourcecode.swift; path = SignInViewModel.swift; sourceTree = "<group>"; };
		6BCB1EE7E419D02B8325CF6C /* Pods-JustChat.release.xcconfig */ = {isa = PBXFileReference; includeInIndex = 1; lastKnownFileType = text.xcconfig; name = "Pods-JustChat.release.xcconfig"; path = "Target Support Files/Pods-JustChat/Pods-JustChat.release.xcconfig"; sourceTree = "<group>"; };
		865C5D5EDFE33C543E87B6E8 /* Pods_JustChat.framework */ = {isa = PBXFileReference; explicitFileType = wrapper.framework; includeInIndex = 0; path = Pods_JustChat.framework; sourceTree = BUILT_PRODUCTS_DIR; };
		9FA7F1EC9EB28CD551048D5E /* Pods-JustChat.debug.xcconfig */ = {isa = PBXFileReference; includeInIndex = 1; lastKnownFileType = text.xcconfig; name = "Pods-JustChat.debug.xcconfig"; path = "Target Support Files/Pods-JustChat/Pods-JustChat.debug.xcconfig"; sourceTree = "<group>"; };
/* End PBXFileReference section */

/* Begin PBXFrameworksBuildPhase section */
		11620FE32427D129008D55F0 /* Frameworks */ = {
			isa = PBXFrameworksBuildPhase;
			buildActionMask = 2147483647;
			files = (
				5DF7B893F67CF7357FC0199C /* Pods_JustChat.framework in Frameworks */,
			);
			runOnlyForDeploymentPostprocessing = 0;
		};
/* End PBXFrameworksBuildPhase section */

/* Begin PBXGroup section */
		050BD32C5395BCED44807DD7 /* Frameworks */ = {
			isa = PBXGroup;
			children = (
				865C5D5EDFE33C543E87B6E8 /* Pods_JustChat.framework */,
			);
			name = Frameworks;
			sourceTree = "<group>";
		};
		11099942242BB1350078D438 /* Component */ = {
			isa = PBXGroup;
			children = (
				1109993E242B8F850078D438 /* LoadingButton.swift */,
			);
			path = Component;
			sourceTree = "<group>";
		};
		11620FDD2427D129008D55F0 = {
			isa = PBXGroup;
			children = (
				11620FE82427D129008D55F0 /* JustChat */,
				11620FE72427D129008D55F0 /* Products */,
				3EDB9D02DB87B1E9E4363547 /* Pods */,
				050BD32C5395BCED44807DD7 /* Frameworks */,
			);
			sourceTree = "<group>";
		};
		11620FE72427D129008D55F0 /* Products */ = {
			isa = PBXGroup;
			children = (
				11620FE62427D129008D55F0 /* JustChat.app */,
			);
			name = Products;
			sourceTree = "<group>";
		};
		11620FE82427D129008D55F0 /* JustChat */ = {
			isa = PBXGroup;
			children = (
				118E69AE243245D60072E003 /* JustChat.entitlements */,
				11620FFE2427D4BB008D55F0 /* App */,
				118E69AF24324A210072E003 /* Util */,
				11620FFF2427D4E4008D55F0 /* Model */,
				116210002427D4F9008D55F0 /* View */,
				116210012427D4FE008D55F0 /* ViewModel */,
				116210022427D508008D55F0 /* Controller */,
				116210042427D527008D55F0 /* Interface */,
				11099942242BB1350078D438 /* Component */,
				116210052427D547008D55F0 /* Extensions */,
				116210062427D739008D55F0 /* GoogleService-Info.plist */,
			);
			path = JustChat;
			sourceTree = "<group>";
		};
		11620FFE2427D4BB008D55F0 /* App */ = {
			isa = PBXGroup;
			children = (
				11620FE92427D129008D55F0 /* AppDelegate.swift */,
				11620FEB2427D129008D55F0 /* SceneDelegate.swift */,
				11620FF22427D12B008D55F0 /* Assets.xcassets */,
				11620FF72427D12B008D55F0 /* Info.plist */,
			);
			path = App;
			sourceTree = "<group>";
		};
		11620FFF2427D4E4008D55F0 /* Model */ = {
			isa = PBXGroup;
			children = (
				1176376124292620006A66A1 /* User.swift */,
				11DA5B83242D1BBD00A8581E /* Message.swift */,
				11DA5B87242D655500A8581E /* Sender.swift */,
				111723FA242DAF0C00F5C413 /* Chat.swift */,
			);
			path = Model;
			sourceTree = "<group>";
		};
		116210002427D4F9008D55F0 /* View */ = {
			isa = PBXGroup;
			children = (
				1176376B242972F0006A66A1 /* ContactTableViewCell.swift */,
				111723F2242D781900F5C413 /* ChatTableViewCell.swift */,
			);
			path = View;
			sourceTree = "<group>";
		};
		116210012427D4FE008D55F0 /* ViewModel */ = {
			isa = PBXGroup;
			children = (
				11DA5B85242D33A800A8581E /* MessageListViewModel.swift */,
				111723F8242DAEE300F5C413 /* ChatListViewModel.swift */,
				1176376324292C7F006A66A1 /* ContactListViewModel.swift */,
				11F3DA0C242820E500A062A5 /* SignInViewModel.swift */,
				11F3DA0A24281F2800A062A5 /* SignUpViewModel.swift */,
				118283CB244E226500E3492E /* SettingsViewModel.swift */,
			);
			path = ViewModel;
			sourceTree = "<group>";
		};
		116210022427D508008D55F0 /* Controller */ = {
			isa = PBXGroup;
			children = (
				11763771242A7740006A66A1 /* ChatViewController.swift */,
				111723F6242D7A7E00F5C413 /* ChatsTableViewController.swift */,
				1176375D24290F2C006A66A1 /* ContactsTableViewController.swift */,
				1162100A2427ED88008D55F0 /* SignInViewController.swift */,
				1162100E242806AF008D55F0 /* SignUpViewController.swift */,
				118283C9244D25DA00E3492E /* SettingsTableViewController.swift */,
			);
			path = Controller;
			sourceTree = "<group>";
		};
		116210042427D527008D55F0 /* Interface */ = {
			isa = PBXGroup;
			children = (
				11620FEF2427D129008D55F0 /* Main.storyboard */,
				116210082427E357008D55F0 /* Auth.storyboard */,
				11620FF42427D12B008D55F0 /* LaunchScreen.storyboard */,
				1176376C242972F0006A66A1 /* ContactTableViewCell.xib */,
				111723F3242D781900F5C413 /* ChatTableViewCell.xib */,
			);
			path = Interface;
			sourceTree = "<group>";
		};
		116210052427D547008D55F0 /* Extensions */ = {
			isa = PBXGroup;
			children = (
				116210102428133C008D55F0 /* String+Extensions.swift */,
				11621012242814FC008D55F0 /* UIButton+Extensions.swift */,
				11621014242817D0008D55F0 /* UIViewController+Extensions.swift */,
			);
			path = Extensions;
			sourceTree = "<group>";
		};
		118E69AF24324A210072E003 /* Util */ = {
			isa = PBXGroup;
			children = (
				118E69B024324A3A0072E003 /* PushNotificationManager.swift */,
				118E69B224324E920072E003 /* PushNotificationSender.swift */,
			);
			path = Util;
			sourceTree = "<group>";
		};
		3EDB9D02DB87B1E9E4363547 /* Pods */ = {
			isa = PBXGroup;
			children = (
				9FA7F1EC9EB28CD551048D5E /* Pods-JustChat.debug.xcconfig */,
				6BCB1EE7E419D02B8325CF6C /* Pods-JustChat.release.xcconfig */,
			);
			path = Pods;
			sourceTree = "<group>";
		};
/* End PBXGroup section */

/* Begin PBXNativeTarget section */
		11620FE52427D129008D55F0 /* JustChat */ = {
			isa = PBXNativeTarget;
			buildConfigurationList = 11620FFA2427D12B008D55F0 /* Build configuration list for PBXNativeTarget "JustChat" */;
			buildPhases = (
				9151D91E60587AE0D326EB8A /* [CP] Check Pods Manifest.lock */,
				11620FE22427D129008D55F0 /* Sources */,
				11620FE32427D129008D55F0 /* Frameworks */,
				11620FE42427D129008D55F0 /* Resources */,
				11620FFD2427D3F9008D55F0 /* Run Script Build Number Increment */,
				3458B3F45993EDF0D92FA85A /* [CP] Embed Pods Frameworks */,
			);
			buildRules = (
			);
			dependencies = (
			);
			name = JustChat;
			productName = JustChat;
			productReference = 11620FE62427D129008D55F0 /* JustChat.app */;
			productType = "com.apple.product-type.application";
		};
/* End PBXNativeTarget section */

/* Begin PBXProject section */
		11620FDE2427D129008D55F0 /* Project object */ = {
			isa = PBXProject;
			attributes = {
				LastSwiftUpdateCheck = 1130;
				LastUpgradeCheck = 1130;
				ORGANIZATIONNAME = "Alexander Saprykin";
				TargetAttributes = {
					11620FE52427D129008D55F0 = {
						CreatedOnToolsVersion = 11.3.1;
					};
				};
			};
			buildConfigurationList = 11620FE12427D129008D55F0 /* Build configuration list for PBXProject "JustChat" */;
			compatibilityVersion = "Xcode 9.3";
			developmentRegion = en;
			hasScannedForEncodings = 0;
			knownRegions = (
				en,
				Base,
			);
			mainGroup = 11620FDD2427D129008D55F0;
			productRefGroup = 11620FE72427D129008D55F0 /* Products */;
			projectDirPath = "";
			projectRoot = "";
			targets = (
				11620FE52427D129008D55F0 /* JustChat */,
			);
		};
/* End PBXProject section */

/* Begin PBXResourcesBuildPhase section */
		11620FE42427D129008D55F0 /* Resources */ = {
			isa = PBXResourcesBuildPhase;
			buildActionMask = 2147483647;
			files = (
				1176376E242972F0006A66A1 /* ContactTableViewCell.xib in Resources */,
				11620FF62427D12B008D55F0 /* LaunchScreen.storyboard in Resources */,
				116210072427D739008D55F0 /* GoogleService-Info.plist in Resources */,
				116210092427E357008D55F0 /* Auth.storyboard in Resources */,
				11620FF32427D12B008D55F0 /* Assets.xcassets in Resources */,
				111723F5242D781900F5C413 /* ChatTableViewCell.xib in Resources */,
				11620FF12427D129008D55F0 /* Main.storyboard in Resources */,
			);
			runOnlyForDeploymentPostprocessing = 0;
		};
/* End PBXResourcesBuildPhase section */

/* Begin PBXShellScriptBuildPhase section */
		11620FFD2427D3F9008D55F0 /* Run Script Build Number Increment */ = {
			isa = PBXShellScriptBuildPhase;
			buildActionMask = 2147483647;
			files = (
			);
			inputFileListPaths = (
			);
			inputPaths = (
			);
			name = "Run Script Build Number Increment";
			outputFileListPaths = (
			);
			outputPaths = (
			);
			runOnlyForDeploymentPostprocessing = 0;
			shellPath = /bin/sh;
			shellScript = "#!/bin/bash\nbuildNumber=$(/usr/libexec/PlistBuddy -c \"Print CFBundleVersion\" \"$INFOPLIST_FILE\")\nbuildNumber=$(($buildNumber + 1))\n/usr/libexec/PlistBuddy -c \"Set :CFBundleVersion $buildNumber\" \"$INFOPLIST_FILE\"\n";
		};
		3458B3F45993EDF0D92FA85A /* [CP] Embed Pods Frameworks */ = {
			isa = PBXShellScriptBuildPhase;
			buildActionMask = 2147483647;
			files = (
			);
			inputFileListPaths = (
				"${PODS_ROOT}/Target Support Files/Pods-JustChat/Pods-JustChat-frameworks-${CONFIGURATION}-input-files.xcfilelist",
			);
			name = "[CP] Embed Pods Frameworks";
			outputFileListPaths = (
				"${PODS_ROOT}/Target Support Files/Pods-JustChat/Pods-JustChat-frameworks-${CONFIGURATION}-output-files.xcfilelist",
			);
			runOnlyForDeploymentPostprocessing = 0;
			shellPath = /bin/sh;
			shellScript = "\"${PODS_ROOT}/Target Support Files/Pods-JustChat/Pods-JustChat-frameworks.sh\"\n";
			showEnvVarsInLog = 0;
		};
		9151D91E60587AE0D326EB8A /* [CP] Check Pods Manifest.lock */ = {
			isa = PBXShellScriptBuildPhase;
			buildActionMask = 2147483647;
			files = (
			);
			inputFileListPaths = (
			);
			inputPaths = (
				"${PODS_PODFILE_DIR_PATH}/Podfile.lock",
				"${PODS_ROOT}/Manifest.lock",
			);
			name = "[CP] Check Pods Manifest.lock";
			outputFileListPaths = (
			);
			outputPaths = (
				"$(DERIVED_FILE_DIR)/Pods-JustChat-checkManifestLockResult.txt",
			);
			runOnlyForDeploymentPostprocessing = 0;
			shellPath = /bin/sh;
			shellScript = "diff \"${PODS_PODFILE_DIR_PATH}/Podfile.lock\" \"${PODS_ROOT}/Manifest.lock\" > /dev/null\nif [ $? != 0 ] ; then\n    # print error to STDERR\n    echo \"error: The sandbox is not in sync with the Podfile.lock. Run 'pod install' or update your CocoaPods installation.\" >&2\n    exit 1\nfi\n# This output is used by Xcode 'outputs' to avoid re-running this script phase.\necho \"SUCCESS\" > \"${SCRIPT_OUTPUT_FILE_0}\"\n";
			showEnvVarsInLog = 0;
		};
/* End PBXShellScriptBuildPhase section */

/* Begin PBXSourcesBuildPhase section */
		11620FE22427D129008D55F0 /* Sources */ = {
			isa = PBXSourcesBuildPhase;
			buildActionMask = 2147483647;
			files = (
				11621015242817D0008D55F0 /* UIViewController+Extensions.swift in Sources */,
				1176376424292C7F006A66A1 /* ContactListViewModel.swift in Sources */,
				1162100B2427ED88008D55F0 /* SignInViewController.swift in Sources */,
				11DA5B88242D655500A8581E /* Sender.swift in Sources */,
				111723F9242DAEE300F5C413 /* ChatListViewModel.swift in Sources */,
				11DA5B84242D1BBD00A8581E /* Message.swift in Sources */,
				116210112428133C008D55F0 /* String+Extensions.swift in Sources */,
				1176376D242972F0006A66A1 /* ContactTableViewCell.swift in Sources */,
				11DA5B86242D33A800A8581E /* MessageListViewModel.swift in Sources */,
				11F3DA0D242820E500A062A5 /* SignInViewModel.swift in Sources */,
				1109993F242B8F850078D438 /* LoadingButton.swift in Sources */,
				118283CA244D25DA00E3492E /* SettingsTableViewController.swift in Sources */,
				1176375E24290F2C006A66A1 /* ContactsTableViewController.swift in Sources */,
				11F3DA0B24281F2800A062A5 /* SignUpViewModel.swift in Sources */,
				111723FB242DAF0C00F5C413 /* Chat.swift in Sources */,
				11621013242814FC008D55F0 /* UIButton+Extensions.swift in Sources */,
				11620FEA2427D129008D55F0 /* AppDelegate.swift in Sources */,
				11620FEC2427D129008D55F0 /* SceneDelegate.swift in Sources */,
				118E69B324324E920072E003 /* PushNotificationSender.swift in Sources */,
				118E69B124324A3A0072E003 /* PushNotificationManager.swift in Sources */,
				1162100F242806AF008D55F0 /* SignUpViewController.swift in Sources */,
				118283CC244E226500E3492E /* SettingsViewModel.swift in Sources */,
				111723F4242D781900F5C413 /* ChatTableViewCell.swift in Sources */,
				11763772242A7740006A66A1 /* ChatViewController.swift in Sources */,
				1176376224292620006A66A1 /* User.swift in Sources */,
				111723F7242D7A7E00F5C413 /* ChatsTableViewController.swift in Sources */,
			);
			runOnlyForDeploymentPostprocessing = 0;
		};
/* End PBXSourcesBuildPhase section */

/* Begin PBXVariantGroup section */
		11620FEF2427D129008D55F0 /* Main.storyboard */ = {
			isa = PBXVariantGroup;
			children = (
				11620FF02427D129008D55F0 /* Base */,
			);
			name = Main.storyboard;
			sourceTree = "<group>";
		};
		11620FF42427D12B008D55F0 /* LaunchScreen.storyboard */ = {
			isa = PBXVariantGroup;
			children = (
				11620FF52427D12B008D55F0 /* Base */,
			);
			name = LaunchScreen.storyboard;
			sourceTree = "<group>";
		};
/* End PBXVariantGroup section */

/* Begin XCBuildConfiguration section */
		11620FF82427D12B008D55F0 /* Debug */ = {
			isa = XCBuildConfiguration;
			buildSettings = {
				ALWAYS_SEARCH_USER_PATHS = NO;
				CLANG_ANALYZER_LOCALIZABILITY_NONLOCALIZED = YES;
				CLANG_ANALYZER_NONNULL = YES;
				CLANG_ANALYZER_NUMBER_OBJECT_CONVERSION = YES_AGGRESSIVE;
				CLANG_CXX_LANGUAGE_STANDARD = "gnu++14";
				CLANG_CXX_LIBRARY = "libc++";
				CLANG_ENABLE_MODULES = YES;
				CLANG_ENABLE_OBJC_ARC = YES;
				CLANG_ENABLE_OBJC_WEAK = YES;
				CLANG_WARN_BLOCK_CAPTURE_AUTORELEASING = YES;
				CLANG_WARN_BOOL_CONVERSION = YES;
				CLANG_WARN_COMMA = YES;
				CLANG_WARN_CONSTANT_CONVERSION = YES;
				CLANG_WARN_DEPRECATED_OBJC_IMPLEMENTATIONS = YES;
				CLANG_WARN_DIRECT_OBJC_ISA_USAGE = YES_ERROR;
				CLANG_WARN_DOCUMENTATION_COMMENTS = YES;
				CLANG_WARN_EMPTY_BODY = YES;
				CLANG_WARN_ENUM_CONVERSION = YES;
				CLANG_WARN_INFINITE_RECURSION = YES;
				CLANG_WARN_INT_CONVERSION = YES;
				CLANG_WARN_NON_LITERAL_NULL_CONVERSION = YES;
				CLANG_WARN_OBJC_IMPLICIT_RETAIN_SELF = YES;
				CLANG_WARN_OBJC_LITERAL_CONVERSION = YES;
				CLANG_WARN_OBJC_ROOT_CLASS = YES_ERROR;
				CLANG_WARN_RANGE_LOOP_ANALYSIS = YES;
				CLANG_WARN_STRICT_PROTOTYPES = YES;
				CLANG_WARN_SUSPICIOUS_MOVE = YES;
				CLANG_WARN_UNGUARDED_AVAILABILITY = YES_AGGRESSIVE;
				CLANG_WARN_UNREACHABLE_CODE = YES;
				CLANG_WARN__DUPLICATE_METHOD_MATCH = YES;
				COPY_PHASE_STRIP = NO;
				DEBUG_INFORMATION_FORMAT = dwarf;
				ENABLE_STRICT_OBJC_MSGSEND = YES;
				ENABLE_TESTABILITY = YES;
				GCC_C_LANGUAGE_STANDARD = gnu11;
				GCC_DYNAMIC_NO_PIC = NO;
				GCC_NO_COMMON_BLOCKS = YES;
				GCC_OPTIMIZATION_LEVEL = 0;
				GCC_PREPROCESSOR_DEFINITIONS = (
					"DEBUG=1",
					"$(inherited)",
				);
				GCC_WARN_64_TO_32_BIT_CONVERSION = YES;
				GCC_WARN_ABOUT_RETURN_TYPE = YES_ERROR;
				GCC_WARN_UNDECLARED_SELECTOR = YES;
				GCC_WARN_UNINITIALIZED_AUTOS = YES_AGGRESSIVE;
				GCC_WARN_UNUSED_FUNCTION = YES;
				GCC_WARN_UNUSED_VARIABLE = YES;
				IPHONEOS_DEPLOYMENT_TARGET = 13.0;
				MTL_ENABLE_DEBUG_INFO = INCLUDE_SOURCE;
				MTL_FAST_MATH = YES;
				ONLY_ACTIVE_ARCH = YES;
				SDKROOT = iphoneos;
				SWIFT_ACTIVE_COMPILATION_CONDITIONS = DEBUG;
				SWIFT_OPTIMIZATION_LEVEL = "-Onone";
			};
			name = Debug;
		};
		11620FF92427D12B008D55F0 /* Release */ = {
			isa = XCBuildConfiguration;
			buildSettings = {
				ALWAYS_SEARCH_USER_PATHS = NO;
				CLANG_ANALYZER_LOCALIZABILITY_NONLOCALIZED = YES;
				CLANG_ANALYZER_NONNULL = YES;
				CLANG_ANALYZER_NUMBER_OBJECT_CONVERSION = YES_AGGRESSIVE;
				CLANG_CXX_LANGUAGE_STANDARD = "gnu++14";
				CLANG_CXX_LIBRARY = "libc++";
				CLANG_ENABLE_MODULES = YES;
				CLANG_ENABLE_OBJC_ARC = YES;
				CLANG_ENABLE_OBJC_WEAK = YES;
				CLANG_WARN_BLOCK_CAPTURE_AUTORELEASING = YES;
				CLANG_WARN_BOOL_CONVERSION = YES;
				CLANG_WARN_COMMA = YES;
				CLANG_WARN_CONSTANT_CONVERSION = YES;
				CLANG_WARN_DEPRECATED_OBJC_IMPLEMENTATIONS = YES;
				CLANG_WARN_DIRECT_OBJC_ISA_USAGE = YES_ERROR;
				CLANG_WARN_DOCUMENTATION_COMMENTS = YES;
				CLANG_WARN_EMPTY_BODY = YES;
				CLANG_WARN_ENUM_CONVERSION = YES;
				CLANG_WARN_INFINITE_RECURSION = YES;
				CLANG_WARN_INT_CONVERSION = YES;
				CLANG_WARN_NON_LITERAL_NULL_CONVERSION = YES;
				CLANG_WARN_OBJC_IMPLICIT_RETAIN_SELF = YES;
				CLANG_WARN_OBJC_LITERAL_CONVERSION = YES;
				CLANG_WARN_OBJC_ROOT_CLASS = YES_ERROR;
				CLANG_WARN_RANGE_LOOP_ANALYSIS = YES;
				CLANG_WARN_STRICT_PROTOTYPES = YES;
				CLANG_WARN_SUSPICIOUS_MOVE = YES;
				CLANG_WARN_UNGUARDED_AVAILABILITY = YES_AGGRESSIVE;
				CLANG_WARN_UNREACHABLE_CODE = YES;
				CLANG_WARN__DUPLICATE_METHOD_MATCH = YES;
				COPY_PHASE_STRIP = NO;
				DEBUG_INFORMATION_FORMAT = "dwarf-with-dsym";
				ENABLE_NS_ASSERTIONS = NO;
				ENABLE_STRICT_OBJC_MSGSEND = YES;
				GCC_C_LANGUAGE_STANDARD = gnu11;
				GCC_NO_COMMON_BLOCKS = YES;
				GCC_WARN_64_TO_32_BIT_CONVERSION = YES;
				GCC_WARN_ABOUT_RETURN_TYPE = YES_ERROR;
				GCC_WARN_UNDECLARED_SELECTOR = YES;
				GCC_WARN_UNINITIALIZED_AUTOS = YES_AGGRESSIVE;
				GCC_WARN_UNUSED_FUNCTION = YES;
				GCC_WARN_UNUSED_VARIABLE = YES;
				IPHONEOS_DEPLOYMENT_TARGET = 13.0;
				MTL_ENABLE_DEBUG_INFO = NO;
				MTL_FAST_MATH = YES;
				SDKROOT = iphoneos;
				SWIFT_COMPILATION_MODE = wholemodule;
				SWIFT_OPTIMIZATION_LEVEL = "-O";
				VALIDATE_PRODUCT = YES;
			};
			name = Release;
		};
		11620FFB2427D12B008D55F0 /* Debug */ = {
			isa = XCBuildConfiguration;
			baseConfigurationReference = 9FA7F1EC9EB28CD551048D5E /* Pods-JustChat.debug.xcconfig */;
			buildSettings = {
				ASSETCATALOG_COMPILER_APPICON_NAME = AppIcon;
				CODE_SIGN_ENTITLEMENTS = JustChat/JustChat.entitlements;
				CODE_SIGN_STYLE = Automatic;
				DEVELOPMENT_TEAM = 9D48U5K9T2;
				INFOPLIST_FILE = JustChat/App/Info.plist;
				IPHONEOS_DEPLOYMENT_TARGET = 13.0;
				LD_RUNPATH_SEARCH_PATHS = (
					"$(inherited)",
					"@executable_path/Frameworks",
				);
				PRODUCT_BUNDLE_IDENTIFIER = ru.sav.JustChat;
				PRODUCT_NAME = "$(TARGET_NAME)";
				SWIFT_VERSION = 5.0;
				TARGETED_DEVICE_FAMILY = 1;
			};
			name = Debug;
		};
		11620FFC2427D12B008D55F0 /* Release */ = {
			isa = XCBuildConfiguration;
			baseConfigurationReference = 6BCB1EE7E419D02B8325CF6C /* Pods-JustChat.release.xcconfig */;
			buildSettings = {
				ASSETCATALOG_COMPILER_APPICON_NAME = AppIcon;
				CODE_SIGN_ENTITLEMENTS = JustChat/JustChat.entitlements;
				CODE_SIGN_STYLE = Automatic;
				DEVELOPMENT_TEAM = 9D48U5K9T2;
				INFOPLIST_FILE = JustChat/App/Info.plist;
				IPHONEOS_DEPLOYMENT_TARGET = 13.0;
				LD_RUNPATH_SEARCH_PATHS = (
					"$(inherited)",
					"@executable_path/Frameworks",
				);
				PRODUCT_BUNDLE_IDENTIFIER = ru.sav.JustChat;
				PRODUCT_NAME = "$(TARGET_NAME)";
				SWIFT_VERSION = 5.0;
				TARGETED_DEVICE_FAMILY = 1;
			};
			name = Release;
		};
/* End XCBuildConfiguration section */

/* Begin XCConfigurationList section */
		11620FE12427D129008D55F0 /* Build configuration list for PBXProject "JustChat" */ = {
			isa = XCConfigurationList;
			buildConfigurations = (
				11620FF82427D12B008D55F0 /* Debug */,
				11620FF92427D12B008D55F0 /* Release */,
			);
			defaultConfigurationIsVisible = 0;
			defaultConfigurationName = Release;
		};
		11620FFA2427D12B008D55F0 /* Build configuration list for PBXNativeTarget "JustChat" */ = {
			isa = XCConfigurationList;
			buildConfigurations = (
				11620FFB2427D12B008D55F0 /* Debug */,
				11620FFC2427D12B008D55F0 /* Release */,
			);
			defaultConfigurationIsVisible = 0;
			defaultConfigurationName = Release;
		};
/* End XCConfigurationList section */
	};
	rootObject = 11620FDE2427D129008D55F0 /* Project object */;
}
